
Microsoft Visual Studio Solution File, Format Version 12.00
# Visual Studio Version 17
VisualStudioVersion = 17.0.31903.59
MinimumVisualStudioVersion = 10.0.40219.1
Project("{2150E333-8FDC-42A3-9474-1A3956D46DE8}") = "src", "src", "{827E0CD3-B72D-47B6-A68D-7590B98EB39B}"
EndProject
Project("{FAE04EC0-301F-11D3-BF4B-00C04F79EFBC}") = "InvestFlow.Domain", "src\InvestFlow.Domain\InvestFlow.Domain.csproj", "{A6C76DE6-4EAB-49DB-8951-583C63D3FBDC}"
EndProject
Project("{FAE04EC0-301F-11D3-BF4B-00C04F79EFBC}") = "InvestFlow.Application", "src\InvestFlow.Application\InvestFlow.Application.csproj", "{F390FB4C-06AC-49A9-8350-A2593E64D8A1}"
EndProject
Project("{FAE04EC0-301F-11D3-BF4B-00C04F79EFBC}") = "InvestFlow.Infrastructure", "src\InvestFlow.Infrastructure\InvestFlow.Infrastructure.csproj", "{B222EBC1-D356-4A35-95E5-C1C1F61060E6}"
EndProject
Project("{FAE04EC0-301F-11D3-BF4B-00C04F79EFBC}") = "InvestFlow.Api", "src\InvestFlow.Api\InvestFlow.Api.csproj", "{BD05A4A3-92A4-4EAB-9B62-B0EB082777A0}"
EndProject
Project("{2150E333-8FDC-42A3-9474-1A3956D46DE8}") = "tests", "tests", "{0AB3BF05-4346-4AA6-1389-037BE0695223}"
EndProject
Project("{FAE04EC0-301F-11D3-BF4B-00C04F79EFBC}") = "InvestFlow.UnitTests", "tests\InvestFlow.UnitTests\InvestFlow.UnitTests.csproj", "{B33B76FC-641B-4A79-910E-BFE26FDEE205}"
EndProject
Project("{FAE04EC0-301F-11D3-BF4B-00C04F79EFBC}") = "InvestFlow.IntegrationTests", "tests\InvestFlow.IntegrationTests\InvestFlow.IntegrationTests.csproj", "{4F9B70B8-D034-4DCE-BD9D-224B558CC75B}"
EndProject
Global
	GlobalSection(SolutionConfigurationPlatforms) = preSolution
		Debug|Any CPU = Debug|Any CPU
		Debug|x64 = Debug|x64
		Debug|x86 = Debug|x86
		Release|Any CPU = Release|Any CPU
		Release|x64 = Release|x64
		Release|x86 = Release|x86
	EndGlobalSection
	GlobalSection(ProjectConfigurationPlatforms) = postSolution
		{A6C76DE6-4EAB-49DB-8951-583C63D3FBDC}.Debug|Any CPU.ActiveCfg = Debug|Any CPU
		{A6C76DE6-4EAB-49DB-8951-583C63D3FBDC}.Debug|Any CPU.Build.0 = Debug|Any CPU
		{A6C76DE6-4EAB-49DB-8951-583C63D3FBDC}.Debug|x64.ActiveCfg = Debug|Any CPU
		{A6C76DE6-4EAB-49DB-8951-583C63D3FBDC}.Debug|x64.Build.0 = Debug|Any CPU
		{A6C76DE6-4EAB-49DB-8951-583C63D3FBDC}.Debug|x86.ActiveCfg = Debug|Any CPU
		{A6C76DE6-4EAB-49DB-8951-583C63D3FBDC}.Debug|x86.Build.0 = Debug|Any CPU
		{A6C76DE6-4EAB-49DB-8951-583C63D3FBDC}.Release|Any CPU.ActiveCfg = Release|Any CPU
		{A6C76DE6-4EAB-49DB-8951-583C63D3FBDC}.Release|Any CPU.Build.0 = Release|Any CPU
		{A6C76DE6-4EAB-49DB-8951-583C63D3FBDC}.Release|x64.ActiveCfg = Release|Any CPU
		{A6C76DE6-4EAB-49DB-8951-583C63D3FBDC}.Release|x64.Build.0 = Release|Any CPU
		{A6C76DE6-4EAB-49DB-8951-583C63D3FBDC}.Release|x86.ActiveCfg = Release|Any CPU
		{A6C76DE6-4EAB-49DB-8951-583C63D3FBDC}.Release|x86.Build.0 = Release|Any CPU
		{F390FB4C-06AC-49A9-8350-A2593E64D8A1}.Debug|Any CPU.ActiveCfg = Debug|Any CPU
		{F390FB4C-06AC-49A9-8350-A2593E64D8A1}.Debug|Any CPU.Build.0 = Debug|Any CPU
		{F390FB4C-06AC-49A9-8350-A2593E64D8A1}.Debug|x64.ActiveCfg = Debug|Any CPU
		{F390FB4C-06AC-49A9-8350-A2593E64D8A1}.Debug|x64.Build.0 = Debug|Any CPU
		{F390FB4C-06AC-49A9-8350-A2593E64D8A1}.Debug|x86.ActiveCfg = Debug|Any CPU
		{F390FB4C-06AC-49A9-8350-A2593E64D8A1}.Debug|x86.Build.0 = Debug|Any CPU
		{F390FB4C-06AC-49A9-8350-A2593E64D8A1}.Release|Any CPU.ActiveCfg = Release|Any CPU
		{F390FB4C-06AC-49A9-8350-A2593E64D8A1}.Release|Any CPU.Build.0 = Release|Any CPU
		{F390FB4C-06AC-49A9-8350-A2593E64D8A1}.Release|x64.ActiveCfg = Release|Any CPU
		{F390FB4C-06AC-49A9-8350-A2593E64D8A1}.Release|x64.Build.0 = Release|Any CPU
		{F390FB4C-06AC-49A9-8350-A2593E64D8A1}.Release|x86.ActiveCfg = Release|Any CPU
		{F390FB4C-06AC-49A9-8350-A2593E64D8A1}.Release|x86.Build.0 = Release|Any CPU
		{B222EBC1-D356-4A35-95E5-C1C1F61060E6}.Debug|Any CPU.ActiveCfg = Debug|Any CPU
		{B222EBC1-D356-4A35-95E5-C1C1F61060E6}.Debug|Any CPU.Build.0 = Debug|Any CPU
		{B222EBC1-D356-4A35-95E5-C1C1F61060E6}.Debug|x64.ActiveCfg = Debug|Any CPU
		{B222EBC1-D356-4A35-95E5-C1C1F61060E6}.Debug|x64.Build.0 = Debug|Any CPU
		{B222EBC1-D356-4A35-95E5-C1C1F61060E6}.Debug|x86.ActiveCfg = Debug|Any CPU
		{B222EBC1-D356-4A35-95E5-C1C1F61060E6}.Debug|x86.Build.0 = Debug|Any CPU
		{B222EBC1-D356-4A35-95E5-C1C1F61060E6}.Release|Any CPU.ActiveCfg = Release|Any CPU
		{B222EBC1-D356-4A35-95E5-C1C1F61060E6}.Release|Any CPU.Build.0 = Release|Any CPU
		{B222EBC1-D356-4A35-95E5-C1C1F61060E6}.Release|x64.ActiveCfg = Release|Any CPU
		{B222EBC1-D356-4A35-95E5-C1C1F61060E6}.Release|x64.Build.0 = Release|Any CPU
		{B222EBC1-D356-4A35-95E5-C1C1F61060E6}.Release|x86.ActiveCfg = Release|Any CPU
		{B222EBC1-D356-4A35-95E5-C1C1F61060E6}.Release|x86.Build.0 = Release|Any CPU
		{BD05A4A3-92A4-4EAB-9B62-B0EB082777A0}.Debug|Any CPU.ActiveCfg = Debug|Any CPU
		{BD05A4A3-92A4-4EAB-9B62-B0EB082777A0}.Debug|Any CPU.Build.0 = Debug|Any CPU
		{BD05A4A3-92A4-4EAB-9B62-B0EB082777A0}.Debug|x64.ActiveCfg = Debug|Any CPU
		{BD05A4A3-92A4-4EAB-9B62-B0EB082777A0}.Debug|x64.Build.0 = Debug|Any CPU
		{BD05A4A3-92A4-4EAB-9B62-B0EB082777A0}.Debug|x86.ActiveCfg = Debug|Any CPU
		{BD05A4A3-92A4-4EAB-9B62-B0EB082777A0}.Debug|x86.Build.0 = Debug|Any CPU
		{BD05A4A3-92A4-4EAB-9B62-B0EB082777A0}.Release|Any CPU.ActiveCfg = Release|Any CPU
		{BD05A4A3-92A4-4EAB-9B62-B0EB082777A0}.Release|Any CPU.Build.0 = Release|Any CPU
		{BD05A4A3-92A4-4EAB-9B62-B0EB082777A0}.Release|x64.ActiveCfg = Release|Any CPU
		{BD05A4A3-92A4-4EAB-9B62-B0EB082777A0}.Release|x64.Build.0 = Release|Any CPU
		{BD05A4A3-92A4-4EAB-9B62-B0EB082777A0}.Release|x86.ActiveCfg = Release|Any CPU
		{BD05A4A3-92A4-4EAB-9B62-B0EB082777A0}.Release|x86.Build.0 = Release|Any CPU
		{B33B76FC-641B-4A79-910E-BFE26FDEE205}.Debug|Any CPU.ActiveCfg = Debug|Any CPU
		{B33B76FC-641B-4A79-910E-BFE26FDEE205}.Debug|Any CPU.Build.0 = Debug|Any CPU
		{B33B76FC-641B-4A79-910E-BFE26FDEE205}.Debug|x64.ActiveCfg = Debug|Any CPU
		{B33B76FC-641B-4A79-910E-BFE26FDEE205}.Debug|x64.Build.0 = Debug|Any CPU
		{B33B76FC-641B-4A79-910E-BFE26FDEE205}.Debug|x86.ActiveCfg = Debug|Any CPU
		{B33B76FC-641B-4A79-910E-BFE26FDEE205}.Debug|x86.Build.0 = Debug|Any CPU
		{B33B76FC-641B-4A79-910E-BFE26FDEE205}.Release|Any CPU.ActiveCfg = Release|Any CPU
		{B33B76FC-641B-4A79-910E-BFE26FDEE205}.Release|Any CPU.Build.0 = Release|Any CPU
		{B33B76FC-641B-4A79-910E-BFE26FDEE205}.Release|x64.ActiveCfg = Release|Any CPU
		{B33B76FC-641B-4A79-910E-BFE26FDEE205}.Release|x64.Build.0 = Release|Any CPU
		{B33B76FC-641B-4A79-910E-BFE26FDEE205}.Release|x86.ActiveCfg = Release|Any CPU
		{B33B76FC-641B-4A79-910E-BFE26FDEE205}.Release|x86.Build.0 = Release|Any CPU
		{4F9B70B8-D034-4DCE-BD9D-224B558CC75B}.Debug|Any CPU.ActiveCfg = Debug|Any CPU
		{4F9B70B8-D034-4DCE-BD9D-224B558CC75B}.Debug|Any CPU.Build.0 = Debug|Any CPU
		{4F9B70B8-D034-4DCE-BD9D-224B558CC75B}.Debug|x64.ActiveCfg = Debug|Any CPU
		{4F9B70B8-D034-4DCE-BD9D-224B558CC75B}.Debug|x64.Build.0 = Debug|Any CPU
		{4F9B70B8-D034-4DCE-BD9D-224B558CC75B}.Debug|x86.ActiveCfg = Debug|Any CPU
		{4F9B70B8-D034-4DCE-BD9D-224B558CC75B}.Debug|x86.Build.0 = Debug|Any CPU
		{4F9B70B8-D034-4DCE-BD9D-224B558CC75B}.Release|Any CPU.ActiveCfg = Release|Any CPU
		{4F9B70B8-D034-4DCE-BD9D-224B558CC75B}.Release|Any CPU.Build.0 = Release|Any CPU
		{4F9B70B8-D034-4DCE-BD9D-224B558CC75B}.Release|x64.ActiveCfg = Release|Any CPU
		{4F9B70B8-D034-4DCE-BD9D-224B558CC75B}.Release|x64.Build.0 = Release|Any CPU
		{4F9B70B8-D034-4DCE-BD9D-224B558CC75B}.Release|x86.ActiveCfg = Release|Any CPU
		{4F9B70B8-D034-4DCE-BD9D-224B558CC75B}.Release|x86.Build.0 = Release|Any CPU
	EndGlobalSection
	GlobalSection(SolutionProperties) = preSolution
		HideSolutionNode = FALSE
	EndGlobalSection
	GlobalSection(NestedProjects) = preSolution
		{A6C76DE6-4EAB-49DB-8951-583C63D3FBDC} = {827E0CD3-B72D-47B6-A68D-7590B98EB39B}
		{F390FB4C-06AC-49A9-8350-A2593E64D8A1} = {827E0CD3-B72D-47B6-A68D-7590B98EB39B}
		{B222EBC1-D356-4A35-95E5-C1C1F61060E6} = {827E0CD3-B72D-47B6-A68D-7590B98EB39B}
		{BD05A4A3-92A4-4EAB-9B62-B0EB082777A0} = {827E0CD3-B72D-47B6-A68D-7590B98EB39B}
		{B33B76FC-641B-4A79-910E-BFE26FDEE205} = {0AB3BF05-4346-4AA6-1389-037BE0695223}
		{4F9B70B8-D034-4DCE-BD9D-224B558CC75B} = {0AB3BF05-4346-4AA6-1389-037BE0695223}
	EndGlobalSection
EndGlobal
